// !$*UTF8*$!
{
	archiveVersion = 1;
	classes = {
	};
	objectVersion = 46;
	objects = {

/* Begin PBXBuildFile section */
		AB446D151CAB8CDA00AEDE99 /* main.m in Sources */ = {isa = PBXBuildFile; fileRef = AB446D141CAB8CDA00AEDE99 /* main.m */; };
		AB446D181CAB8CDA00AEDE99 /* AppDelegate.m in Sources */ = {isa = PBXBuildFile; fileRef = AB446D171CAB8CDA00AEDE99 /* AppDelegate.m */; };
		AB446D1B1CAB8CDA00AEDE99 /* ViewController.m in Sources */ = {isa = PBXBuildFile; fileRef = AB446D1A1CAB8CDA00AEDE99 /* ViewController.m */; };
		AB446D1E1CAB8CDA00AEDE99 /* Main.storyboard in Resources */ = {isa = PBXBuildFile; fileRef = AB446D1C1CAB8CDA00AEDE99 /* Main.storyboard */; };
		AB446D201CAB8CDA00AEDE99 /* Assets.xcassets in Resources */ = {isa = PBXBuildFile; fileRef = AB446D1F1CAB8CDA00AEDE99 /* Assets.xcassets */; };
		AB446D231CAB8CDA00AEDE99 /* LaunchScreen.storyboard in Resources */ = {isa = PBXBuildFile; fileRef = AB446D211CAB8CDA00AEDE99 /* LaunchScreen.storyboard */; };
		AB446D2E1CAB8CDA00AEDE99 /* ManualOperationTests.m in Sources */ = {isa = PBXBuildFile; fileRef = AB446D2D1CAB8CDA00AEDE99 /* ManualOperationTests.m */; };
		AB446D391CAB8CDA00AEDE99 /* ManualOperationUITests.m in Sources */ = {isa = PBXBuildFile; fileRef = AB446D381CAB8CDA00AEDE99 /* ManualOperationUITests.m */; };
		AB446D481CAB8D1700AEDE99 /* ManualOperation.m in Sources */ = {isa = PBXBuildFile; fileRef = AB446D471CAB8D1700AEDE99 /* ManualOperation.m */; };
/* End PBXBuildFile section */

/* Begin PBXContainerItemProxy section */
		AB446D2A1CAB8CDA00AEDE99 /* PBXContainerItemProxy */ = {
			isa = PBXContainerItemProxy;
			containerPortal = AB446D081CAB8CDA00AEDE99 /* Project object */;
			proxyType = 1;
			remoteGlobalIDString = AB446D0F1CAB8CDA00AEDE99;
			remoteInfo = ManualOperation;
		};
		AB446D351CAB8CDA00AEDE99 /* PBXContainerItemProxy */ = {
			isa = PBXContainerItemProxy;
			containerPortal = AB446D081CAB8CDA00AEDE99 /* Project object */;
			proxyType = 1;
			remoteGlobalIDString = AB446D0F1CAB8CDA00AEDE99;
			remoteInfo = ManualOperation;
		};
/* End PBXContainerItemProxy section */

/* Begin PBXFileReference section */
		AB446D101CAB8CDA00AEDE99 /* ManualOperation.app */ = {isa = PBXFileReference; explicitFileType = wrapper.application; includeInIndex = 0; path = ManualOperation.app; sourceTree = BUILT_PRODUCTS_DIR; };
		AB446D141CAB8CDA00AEDE99 /* main.m */ = {isa = PBXFileReference; lastKnownFileType = sourcecode.c.objc; path = main.m; sourceTree = "<group>"; };
		AB446D161CAB8CDA00AEDE99 /* AppDelegate.h */ = {isa = PBXFileReference; lastKnownFileType = sourcecode.c.h; path = AppDelegate.h; sourceTree = "<group>"; };
		AB446D171CAB8CDA00AEDE99 /* AppDelegate.m */ = {isa = PBXFileReference; lastKnownFileType = sourcecode.c.objc; path = AppDelegate.m; sourceTree = "<group>"; };
		AB446D191CAB8CDA00AEDE99 /* ViewController.h */ = {isa = PBXFileReference; lastKnownFileType = sourcecode.c.h; path = ViewController.h; sourceTree = "<group>"; };
		AB446D1A1CAB8CDA00AEDE99 /* ViewController.m */ = {isa = PBXFileReference; lastKnownFileType = sourcecode.c.objc; path = ViewController.m; sourceTree = "<group>"; };
		AB446D1D1CAB8CDA00AEDE99 /* Base */ = {isa = PBXFileReference; lastKnownFileType = file.storyboard; name = Base; path = Base.lproj/Main.storyboard; sourceTree = "<group>"; };
		AB446D1F1CAB8CDA00AEDE99 /* Assets.xcassets */ = {isa = PBXFileReference; lastKnownFileType = folder.assetcatalog; path = Assets.xcassets; sourceTree = "<group>"; };
		AB446D221CAB8CDA00AEDE99 /* Base */ = {isa = PBXFileReference; lastKnownFileType = file.storyboard; name = Base; path = Base.lproj/LaunchScreen.storyboard; sourceTree = "<group>"; };
		AB446D241CAB8CDA00AEDE99 /* Info.plist */ = {isa = PBXFileReference; lastKnownFileType = text.plist.xml; path = Info.plist; sourceTree = "<group>"; };
		AB446D291CAB8CDA00AEDE99 /* ManualOperationTests.xctest */ = {isa = PBXFileReference; explicitFileType = wrapper.cfbundle; includeInIndex = 0; path = ManualOperationTests.xctest; sourceTree = BUILT_PRODUCTS_DIR; };
		AB446D2D1CAB8CDA00AEDE99 /* ManualOperationTests.m */ = {isa = PBXFileReference; lastKnownFileType = sourcecode.c.objc; path = ManualOperationTests.m; sourceTree = "<group>"; };
		AB446D2F1CAB8CDA00AEDE99 /* Info.plist */ = {isa = PBXFileReference; lastKnownFileType = text.plist.xml; path = Info.plist; sourceTree = "<group>"; };
		AB446D341CAB8CDA00AEDE99 /* ManualOperationUITests.xctest */ = {isa = PBXFileReference; explicitFileType = wrapper.cfbundle; includeInIndex = 0; path = ManualOperationUITests.xctest; sourceTree = BUILT_PRODUCTS_DIR; };
		AB446D381CAB8CDA00AEDE99 /* ManualOperationUITests.m */ = {isa = PBXFileReference; lastKnownFileType = sourcecode.c.objc; path = ManualOperationUITests.m; sourceTree = "<group>"; };
		AB446D3A1CAB8CDA00AEDE99 /* Info.plist */ = {isa = PBXFileReference; lastKnownFileType = text.plist.xml; path = Info.plist; sourceTree = "<group>"; };
		AB446D461CAB8D1700AEDE99 /* ManualOperation.h */ = {isa = PBXFileReference; fileEncoding = 4; lastKnownFileType = sourcecode.c.h; path = ManualOperation.h; sourceTree = "<group>"; };
		AB446D471CAB8D1700AEDE99 /* ManualOperation.m */ = {isa = PBXFileReference; fileEncoding = 4; lastKnownFileType = sourcecode.c.objc; path = ManualOperation.m; sourceTree = "<group>"; };
/* End PBXFileReference section */

/* Begin PBXFrameworksBuildPhase section */
		AB446D0D1CAB8CDA00AEDE99 /* Frameworks */ = {
			isa = PBXFrameworksBuildPhase;
			buildActionMask = 2147483647;
			files = (
			);
			runOnlyForDeploymentPostprocessing = 0;
		};
		AB446D261CAB8CDA00AEDE99 /* Frameworks */ = {
			isa = PBXFrameworksBuildPhase;
			buildActionMask = 2147483647;
			files = (
			);
			runOnlyForDeploymentPostprocessing = 0;
		};
		AB446D311CAB8CDA00AEDE99 /* Frameworks */ = {
			isa = PBXFrameworksBuildPhase;
			buildActionMask = 2147483647;
			files = (
			);
			runOnlyForDeploymentPostprocessing = 0;
		};
/* End PBXFrameworksBuildPhase section */

/* Begin PBXGroup section */
		AB446D071CAB8CDA00AEDE99 = {
			isa = PBXGroup;
			children = (
				AB446D121CAB8CDA00AEDE99 /* ManualOperation */,
				AB446D2C1CAB8CDA00AEDE99 /* ManualOperationTests */,
				AB446D371CAB8CDA00AEDE99 /* ManualOperationUITests */,
				AB446D111CAB8CDA00AEDE99 /* Products */,
			);
			sourceTree = "<group>";
		};
		AB446D111CAB8CDA00AEDE99 /* Products */ = {
			isa = PBXGroup;
			children = (
				AB446D101CAB8CDA00AEDE99 /* ManualOperation.app */,
				AB446D291CAB8CDA00AEDE99 /* ManualOperationTests.xctest */,
				AB446D341CAB8CDA00AEDE99 /* ManualOperationUITests.xctest */,
			);
			name = Products;
			sourceTree = "<group>";
		};
		AB446D121CAB8CDA00AEDE99 /* ManualOperation */ = {
			isa = PBXGroup;
			children = (
				AB446D461CAB8D1700AEDE99 /* ManualOperation.h */,
				AB446D471CAB8D1700AEDE99 /* ManualOperation.m */,
				AB446D161CAB8CDA00AEDE99 /* AppDelegate.h */,
				AB446D171CAB8CDA00AEDE99 /* AppDelegate.m */,
				AB446D191CAB8CDA00AEDE99 /* ViewController.h */,
				AB446D1A1CAB8CDA00AEDE99 /* ViewController.m */,
				AB446D1C1CAB8CDA00AEDE99 /* Main.storyboard */,
				AB446D1F1CAB8CDA00AEDE99 /* Assets.xcassets */,
				AB446D211CAB8CDA00AEDE99 /* LaunchScreen.storyboard */,
				AB446D241CAB8CDA00AEDE99 /* Info.plist */,
				AB446D131CAB8CDA00AEDE99 /* Supporting Files */,
			);
			path = ManualOperation;
			sourceTree = "<group>";
		};
		AB446D131CAB8CDA00AEDE99 /* Supporting Files */ = {
			isa = PBXGroup;
			children = (
				AB446D141CAB8CDA00AEDE99 /* main.m */,
			);
			name = "Supporting Files";
			sourceTree = "<group>";
		};
		AB446D2C1CAB8CDA00AEDE99 /* ManualOperationTests */ = {
			isa = PBXGroup;
			children = (
				AB446D2D1CAB8CDA00AEDE99 /* ManualOperationTests.m */,
				AB446D2F1CAB8CDA00AEDE99 /* Info.plist */,
			);
			path = ManualOperationTests;
			sourceTree = "<group>";
		};
		AB446D371CAB8CDA00AEDE99 /* ManualOperationUITests */ = {
			isa = PBXGroup;
			children = (
				AB446D381CAB8CDA00AEDE99 /* ManualOperationUITests.m */,
				AB446D3A1CAB8CDA00AEDE99 /* Info.plist */,
			);
			path = ManualOperationUITests;
			sourceTree = "<group>";
		};
/* End PBXGroup section */

/* Begin PBXNativeTarget section */
		AB446D0F1CAB8CDA00AEDE99 /* ManualOperation */ = {
			isa = PBXNativeTarget;
			buildConfigurationList = AB446D3D1CAB8CDA00AEDE99 /* Build configuration list for PBXNativeTarget "ManualOperation" */;
			buildPhases = (
				AB446D0C1CAB8CDA00AEDE99 /* Sources */,
				AB446D0D1CAB8CDA00AEDE99 /* Frameworks */,
				AB446D0E1CAB8CDA00AEDE99 /* Resources */,
			);
			buildRules = (
			);
			dependencies = (
			);
			name = ManualOperation;
			productName = ManualOperation;
			productReference = AB446D101CAB8CDA00AEDE99 /* ManualOperation.app */;
			productType = "com.apple.product-type.application";
		};
		AB446D281CAB8CDA00AEDE99 /* ManualOperationTests */ = {
			isa = PBXNativeTarget;
			buildConfigurationList = AB446D401CAB8CDA00AEDE99 /* Build configuration list for PBXNativeTarget "ManualOperationTests" */;
			buildPhases = (
				AB446D251CAB8CDA00AEDE99 /* Sources */,
				AB446D261CAB8CDA00AEDE99 /* Frameworks */,
				AB446D271CAB8CDA00AEDE99 /* Resources */,
			);
			buildRules = (
			);
			dependencies = (
				AB446D2B1CAB8CDA00AEDE99 /* PBXTargetDependency */,
			);
			name = ManualOperationTests;
			productName = ManualOperationTests;
			productReference = AB446D291CAB8CDA00AEDE99 /* ManualOperationTests.xctest */;
			productType = "com.apple.product-type.bundle.unit-test";
		};
		AB446D331CAB8CDA00AEDE99 /* ManualOperationUITests */ = {
			isa = PBXNativeTarget;
			buildConfigurationList = AB446D431CAB8CDA00AEDE99 /* Build configuration list for PBXNativeTarget "ManualOperationUITests" */;
			buildPhases = (
				AB446D301CAB8CDA00AEDE99 /* Sources */,
				AB446D311CAB8CDA00AEDE99 /* Frameworks */,
				AB446D321CAB8CDA00AEDE99 /* Resources */,
			);
			buildRules = (
			);
			dependencies = (
				AB446D361CAB8CDA00AEDE99 /* PBXTargetDependency */,
			);
			name = ManualOperationUITests;
			productName = ManualOperationUITests;
			productReference = AB446D341CAB8CDA00AEDE99 /* ManualOperationUITests.xctest */;
			productType = "com.apple.product-type.bundle.ui-testing";
		};
/* End PBXNativeTarget section */

/* Begin PBXProject section */
		AB446D081CAB8CDA00AEDE99 /* Project object */ = {
			isa = PBXProject;
			attributes = {
				LastUpgradeCheck = 0720;
				ORGANIZATIONNAME = Jonathan;
				TargetAttributes = {
					AB446D0F1CAB8CDA00AEDE99 = {
						CreatedOnToolsVersion = 7.2.1;
					};
					AB446D281CAB8CDA00AEDE99 = {
						CreatedOnToolsVersion = 7.2.1;
						TestTargetID = AB446D0F1CAB8CDA00AEDE99;
					};
					AB446D331CAB8CDA00AEDE99 = {
						CreatedOnToolsVersion = 7.2.1;
						TestTargetID = AB446D0F1CAB8CDA00AEDE99;
					};
				};
			};
			buildConfigurationList = AB446D0B1CAB8CDA00AEDE99 /* Build configuration list for PBXProject "ManualOperation" */;
			compatibilityVersion = "Xcode 3.2";
			developmentRegion = English;
			hasScannedForEncodings = 0;
			knownRegions = (
				en,
				Base,
			);
			mainGroup = AB446D071CAB8CDA00AEDE99;
			productRefGroup = AB446D111CAB8CDA00AEDE99 /* Products */;
			projectDirPath = "";
			projectRoot = "";
			targets = (
				AB446D0F1CAB8CDA00AEDE99 /* ManualOperation */,
				AB446D281CAB8CDA00AEDE99 /* ManualOperationTests */,
				AB446D331CAB8CDA00AEDE99 /* ManualOperationUITests */,
			);
		};
/* End PBXProject section */

/* Begin PBXResourcesBuildPhase section */
		AB446D0E1CAB8CDA00AEDE99 /* Resources */ = {
			isa = PBXResourcesBuildPhase;
			buildActionMask = 2147483647;
			files = (
				AB446D231CAB8CDA00AEDE99 /* LaunchScreen.storyboard in Resources */,
				AB446D201CAB8CDA00AEDE99 /* Assets.xcassets in Resources */,
				AB446D1E1CAB8CDA00AEDE99 /* Main.storyboard in Resources */,
			);
			runOnlyForDeploymentPostprocessing = 0;
		};
		AB446D271CAB8CDA00AEDE99 /* Resources */ = {
			isa = PBXResourcesBuildPhase;
			buildActionMask = 2147483647;
			files = (
			);
			runOnlyForDeploymentPostprocessing = 0;
		};
		AB446D321CAB8CDA00AEDE99 /* Resources */ = {
			isa = PBXResourcesBuildPhase;
			buildActionMask = 2147483647;
			files = (
			);
			runOnlyForDeploymentPostprocessing = 0;
		};
/* End PBXResourcesBuildPhase section */

/* Begin PBXSourcesBuildPhase section */
		AB446D0C1CAB8CDA00AEDE99 /* Sources */ = {
			isa = PBXSourcesBuildPhase;
			buildActionMask = 2147483647;
			files = (
				AB446D1B1CAB8CDA00AEDE99 /* ViewController.m in Sources */,
				AB446D181CAB8CDA00AEDE99 /* AppDelegate.m in Sources */,
				AB446D151CAB8CDA00AEDE99 /* main.m in Sources */,
				AB446D481CAB8D1700AEDE99 /* ManualOperation.m in Sources */,
			);
			runOnlyForDeploymentPostprocessing = 0;
		};
		AB446D251CAB8CDA00AEDE99 /* Sources */ = {
			isa = PBXSourcesBuildPhase;
			buildActionMask = 2147483647;
			files = (
				AB446D2E1CAB8CDA00AEDE99 /* ManualOperationTests.m in Sources */,
			);
			runOnlyForDeploymentPostprocessing = 0;
		};
		AB446D301CAB8CDA00AEDE99 /* Sources */ = {
			isa = PBXSourcesBuildPhase;
			buildActionMask = 2147483647;
			files = (
				AB446D391CAB8CDA00AEDE99 /* ManualOperationUITests.m in Sources */,
			);
			runOnlyForDeploymentPostprocessing = 0;
		};
/* End PBXSourcesBuildPhase section */

/* Begin PBXTargetDependency section */
		AB446D2B1CAB8CDA00AEDE99 /* PBXTargetDependency */ = {
			isa = PBXTargetDependency;
			target = AB446D0F1CAB8CDA00AEDE99 /* ManualOperation */;
			targetProxy = AB446D2A1CAB8CDA00AEDE99 /* PBXContainerItemProxy */;
		};
		AB446D361CAB8CDA00AEDE99 /* PBXTargetDependency */ = {
			isa = PBXTargetDependency;
			target = AB446D0F1CAB8CDA00AEDE99 /* ManualOperation */;
			targetProxy = AB446D351CAB8CDA00AEDE99 /* PBXContainerItemProxy */;
		};
/* End PBXTargetDependency section */

/* Begin PBXVariantGroup section */
		AB446D1C1CAB8CDA00AEDE99 /* Main.storyboard */ = {
			isa = PBXVariantGroup;
			children = (
				AB446D1D1CAB8CDA00AEDE99 /* Base */,
			);
			name = Main.storyboard;
			sourceTree = "<group>";
		};
		AB446D211CAB8CDA00AEDE99 /* LaunchScreen.storyboard */ = {
			isa = PBXVariantGroup;
			children = (
				AB446D221CAB8CDA00AEDE99 /* Base */,
			);
			name = LaunchScreen.storyboard;
			sourceTree = "<group>";
		};
/* End PBXVariantGroup section */

/* Begin XCBuildConfiguration section */
		AB446D3B1CAB8CDA00AEDE99 /* Debug */ = {
			isa = XCBuildConfiguration;
			buildSettings = {
				ALWAYS_SEARCH_USER_PATHS = NO;
				CLANG_CXX_LANGUAGE_STANDARD = "gnu++0x";
				CLANG_CXX_LIBRARY = "libc++";
				CLANG_ENABLE_MODULES = YES;
				CLANG_ENABLE_OBJC_ARC = YES;
				CLANG_WARN_BOOL_CONVERSION = YES;
				CLANG_WARN_CONSTANT_CONVERSION = YES;
				CLANG_WARN_DIRECT_OBJC_ISA_USAGE = YES_ERROR;
				CLANG_WARN_EMPTY_BODY = YES;
				CLANG_WARN_ENUM_CONVERSION = YES;
				CLANG_WARN_INT_CONVERSION = YES;
				CLANG_WARN_OBJC_ROOT_CLASS = YES_ERROR;
				CLANG_WARN_UNREACHABLE_CODE = YES;
				CLANG_WARN__DUPLICATE_METHOD_MATCH = YES;
				"CODE_SIGN_IDENTITY[sdk=iphoneos*]" = "iPhone Developer";
				COPY_PHASE_STRIP = NO;
				DEBUG_INFORMATION_FORMAT = dwarf;
				ENABLE_STRICT_OBJC_MSGSEND = YES;
				ENABLE_TESTABILITY = YES;
				GCC_C_LANGUAGE_STANDARD = gnu99;
				GCC_DYNAMIC_NO_PIC = NO;
				GCC_NO_COMMON_BLOCKS = YES;
				GCC_OPTIMIZATION_LEVEL = 0;
				GCC_PREPROCESSOR_DEFINITIONS = (
					"DEBUG=1",
					"$(inherited)",
				);
				GCC_WARN_64_TO_32_BIT_CONVERSION = YES;
				GCC_WARN_ABOUT_RETURN_TYPE = YES_ERROR;
				GCC_WARN_UNDECLARED_SELECTOR = YES;
				GCC_WARN_UNINITIALIZED_AUTOS = YES_AGGRESSIVE;
				GCC_WARN_UNUSED_FUNCTION = YES;
				GCC_WARN_UNUSED_VARIABLE = YES;
				IPHONEOS_DEPLOYMENT_TARGET = 9.2;
				MTL_ENABLE_DEBUG_INFO = YES;
				ONLY_ACTIVE_ARCH = YES;
				SDKROOT = iphoneos;
				TARGETED_DEVICE_FAMILY = "1,2";
			};
			name = Debug;
		};
		AB446D3C1CAB8CDA00AEDE99 /* Release */ = {
			isa = XCBuildConfiguration;
			buildSettings = {
				ALWAYS_SEARCH_USER_PATHS = NO;
				CLANG_CXX_LANGUAGE_STANDARD = "gnu++0x";
				CLANG_CXX_LIBRARY = "libc++";
				CLANG_ENABLE_MODULES = YES;
				CLANG_ENABLE_OBJC_ARC = YES;
				CLANG_WARN_BOOL_CONVERSION = YES;
				CLANG_WARN_CONSTANT_CONVERSION = YES;
				CLANG_WARN_DIRECT_OBJC_ISA_USAGE = YES_ERROR;
				CLANG_WARN_EMPTY_BODY = YES;
				CLANG_WARN_ENUM_CONVERSION = YES;
				CLANG_WARN_INT_CONVERSION = YES;
				CLANG_WARN_OBJC_ROOT_CLASS = YES_ERROR;
				CLANG_WARN_UNREACHABLE_CODE = YES;
				CLANG_WARN__DUPLICATE_METHOD_MATCH = YES;
				"CODE_SIGN_IDENTITY[sdk=iphoneos*]" = "iPhone Developer";
				COPY_PHASE_STRIP = NO;
				DEBUG_INFORMATION_FORMAT = "dwarf-with-dsym";
				ENABLE_NS_ASSERTIONS = NO;
				ENABLE_STRICT_OBJC_MSGSEND = YES;
				GCC_C_LANGUAGE_STANDARD = gnu99;
				GCC_NO_COMMON_BLOCKS = YES;
				GCC_WARN_64_TO_32_BIT_CONVERSION = YES;
				GCC_WARN_ABOUT_RETURN_TYPE = YES_ERROR;
				GCC_WARN_UNDECLARED_SELECTOR = YES;
				GCC_WARN_UNINITIALIZED_AUTOS = YES_AGGRESSIVE;
				GCC_WARN_UNUSED_FUNCTION = YES;
				GCC_WARN_UNUSED_VARIABLE = YES;
				IPHONEOS_DEPLOYMENT_TARGET = 9.2;
				MTL_ENABLE_DEBUG_INFO = NO;
				SDKROOT = iphoneos;
				TARGETED_DEVICE_FAMILY = "1,2";
				VALIDATE_PRODUCT = YES;
			};
			name = Release;
		};
		AB446D3E1CAB8CDA00AEDE99 /* Debug */ = {
			isa = XCBuildConfiguration;
			buildSettings = {
				ASSETCATALOG_COMPILER_APPICON_NAME = AppIcon;
				INFOPLIST_FILE = ManualOperation/Info.plist;
				LD_RUNPATH_SEARCH_PATHS = "$(inherited) @executable_path/Frameworks";
				PRODUCT_BUNDLE_IDENTIFIER = Jo.ManualOperation;
				PRODUCT_NAME = "$(TARGET_NAME)";
			};
			name = Debug;
		};
		AB446D3F1CAB8CDA00AEDE99 /* Release */ = {
			isa = XCBuildConfiguration;
			buildSettings = {
				ASSETCATALOG_COMPILER_APPICON_NAME = AppIcon;
				INFOPLIST_FILE = ManualOperation/Info.plist;
				LD_RUNPATH_SEARCH_PATHS = "$(inherited) @executable_path/Frameworks";
				PRODUCT_BUNDLE_IDENTIFIER = Jo.ManualOperation;
				PRODUCT_NAME = "$(TARGET_NAME)";
			};
			name = Release;
		};
		AB446D411CAB8CDA00AEDE99 /* Debug */ = {
			isa = XCBuildConfiguration;
			buildSettings = {
				BUNDLE_LOADER = "$(TEST_HOST)";
				INFOPLIST_FILE = ManualOperationTests/Info.plist;
				LD_RUNPATH_SEARCH_PATHS = "$(inherited) @executable_path/Frameworks @loader_path/Frameworks";
				PRODUCT_BUNDLE_IDENTIFIER = Jo.ManualOperationTests;
				PRODUCT_NAME = "$(TARGET_NAME)";
				TEST_HOST = "$(BUILT_PRODUCTS_DIR)/ManualOperation.app/ManualOperation";
			};
			name = Debug;
		};
		AB446D421CAB8CDA00AEDE99 /* Release */ = {
			isa = XCBuildConfiguration;
			buildSettings = {
				BUNDLE_LOADER = "$(TEST_HOST)";
				INFOPLIST_FILE = ManualOperationTests/Info.plist;
				LD_RUNPATH_SEARCH_PATHS = "$(inherited) @executable_path/Frameworks @loader_path/Frameworks";
				PRODUCT_BUNDLE_IDENTIFIER = Jo.ManualOperationTests;
				PRODUCT_NAME = "$(TARGET_NAME)";
				TEST_HOST = "$(BUILT_PRODUCTS_DIR)/ManualOperation.app/ManualOperation";
			};
			name = Release;
		};
		AB446D441CAB8CDA00AEDE99 /* Debug */ = {
			isa = XCBuildConfiguration;
			buildSettings = {
				INFOPLIST_FILE = ManualOperationUITests/Info.plist;
				LD_RUNPATH_SEARCH_PATHS = "$(inherited) @executable_path/Frameworks @loader_path/Frameworks";
				PRODUCT_BUNDLE_IDENTIFIER = Jo.ManualOperationUITests;
				PRODUCT_NAME = "$(TARGET_NAME)";
				TEST_TARGET_NAME = ManualOperation;
				USES_XCTRUNNER = YES;
			};
			name = Debug;
		};
		AB446D451CAB8CDA00AEDE99 /* Release */ = {
			isa = XCBuildConfiguration;
			buildSettings = {
				INFOPLIST_FILE = ManualOperationUITests/Info.plist;
				LD_RUNPATH_SEARCH_PATHS = "$(inherited) @executable_path/Frameworks @loader_path/Frameworks";
				PRODUCT_BUNDLE_IDENTIFIER = Jo.ManualOperationUITests;
				PRODUCT_NAME = "$(TARGET_NAME)";
				TEST_TARGET_NAME = ManualOperation;
				USES_XCTRUNNER = YES;
			};
			name = Release;
		};
/* End XCBuildConfiguration section */

/* Begin XCConfigurationList section */
		AB446D0B1CAB8CDA00AEDE99 /* Build configuration list for PBXProject "ManualOperation" */ = {
			isa = XCConfigurationList;
			buildConfigurations = (
				AB446D3B1CAB8CDA00AEDE99 /* Debug */,
				AB446D3C1CAB8CDA00AEDE99 /* Release */,
			);
			defaultConfigurationIsVisible = 0;
			defaultConfigurationName = Release;
		};
		AB446D3D1CAB8CDA00AEDE99 /* Build configuration list for PBXNativeTarget "ManualOperation" */ = {
			isa = XCConfigurationList;
			buildConfigurations = (
				AB446D3E1CAB8CDA00AEDE99 /* Debug */,
				AB446D3F1CAB8CDA00AEDE99 /* Release */,
			);
			defaultConfigurationIsVisible = 0;
		};
		AB446D401CAB8CDA00AEDE99 /* Build configuration list for PBXNativeTarget "ManualOperationTests" */ = {
			isa = XCConfigurationList;
			buildConfigurations = (
				AB446D411CAB8CDA00AEDE99 /* Debug */,
				AB446D421CAB8CDA00AEDE99 /* Release */,
			);
			defaultConfigurationIsVisible = 0;
		};
		AB446D431CAB8CDA00AEDE99 /* Build configuration list for PBXNativeTarget "ManualOperationUITests" */ = {
			isa = XCConfigurationList;
			buildConfigurations = (
				AB446D441CAB8CDA00AEDE99 /* Debug */,
				AB446D451CAB8CDA00AEDE99 /* Release */,
			);
			defaultConfigurationIsVisible = 0;
		};
/* End XCConfigurationList section */
	};
	rootObject = AB446D081CAB8CDA00AEDE99 /* Project object */;
}
